
Microsoft Visual Studio Solution File, Format Version 12.00
# Visual Studio Version 16
VisualStudioVersion = 16.0.30413.136
MinimumVisualStudioVersion = 10.0.40219.1
Project("{9A19103F-16F7-4668-BE54-9A1E7A4F7556}") = "DtronixPdf", "DtronixPdf\DtronixPdf.csproj", "{23F0BD01-C9B9-4DC8-A444-978A4A91F5EE}"
EndProject
Project("{9A19103F-16F7-4668-BE54-9A1E7A4F7556}") = "DtronixPdfTests", "DtronixPdfTests\DtronixPdfTests.csproj", "{1FE9E658-7FBB-4C89-8173-05DC58A68DE1}"
EndProject
Project("{9A19103F-16F7-4668-BE54-9A1E7A4F7556}") = "DtronixPdfBenchmark", "DtronixPdfBenchmark\DtronixPdfBenchmark.csproj", "{2639F2B5-D7A0-4566-B00A-BBFF0181C27F}"
EndProject
Global
	GlobalSection(SolutionConfigurationPlatforms) = preSolution
		Debug|Any CPU = Debug|Any CPU
		Release|Any CPU = Release|Any CPU
	EndGlobalSection
	GlobalSection(ProjectConfigurationPlatforms) = postSolution
		{23F0BD01-C9B9-4DC8-A444-978A4A91F5EE}.Debug|Any CPU.ActiveCfg = Debug|Any CPU
		{23F0BD01-C9B9-4DC8-A444-978A4A91F5EE}.Debug|Any CPU.Build.0 = Debug|Any CPU
		{23F0BD01-C9B9-4DC8-A444-978A4A91F5EE}.Release|Any CPU.ActiveCfg = Release|Any CPU
		{23F0BD01-C9B9-4DC8-A444-978A4A91F5EE}.Release|Any CPU.Build.0 = Release|Any CPU
		{1FE9E658-7FBB-4C89-8173-05DC58A68DE1}.Debug|Any CPU.ActiveCfg = Debug|Any CPU
		{1FE9E658-7FBB-4C89-8173-05DC58A68DE1}.Debug|Any CPU.Build.0 = Debug|Any CPU
		{1FE9E658-7FBB-4C89-8173-05DC58A68DE1}.Release|Any CPU.ActiveCfg = Release|Any CPU
		{1FE9E658-7FBB-4C89-8173-05DC58A68DE1}.Release|Any CPU.Build.0 = Release|Any CPU
		{2639F2B5-D7A0-4566-B00A-BBFF0181C27F}.Debug|Any CPU.ActiveCfg = Debug|Any CPU
		{2639F2B5-D7A0-4566-B00A-BBFF0181C27F}.Debug|Any CPU.Build.0 = Debug|Any CPU
		{2639F2B5-D7A0-4566-B00A-BBFF0181C27F}.Release|Any CPU.ActiveCfg = Release|Any CPU
		{2639F2B5-D7A0-4566-B00A-BBFF0181C27F}.Release|Any CPU.Build.0 = Release|Any CPU
	EndGlobalSection
	GlobalSection(SolutionProperties) = preSolution
		HideSolutionNode = FALSE
	EndGlobalSection
	GlobalSection(ExtensibilityGlobals) = postSolution
		SolutionGuid = {7762582E-0386-40D3-8B62-690FA06D560E}
	EndGlobalSection
EndGlobal
